// !$*UTF8*$!
{
	archiveVersion = 1;
	classes = {
	};
	objectVersion = 56;
	objects = {

/* Begin PBXBuildFile section */
		752D4E892B7A124F00AB245E /* DayPictureModel.swift in Sources */ = {isa = PBXBuildFile; fileRef = 752D4E882B7A124F00AB245E /* DayPictureModel.swift */; };
		752D4E8B2B7A12C100AB245E /* LoadingCell.swift in Sources */ = {isa = PBXBuildFile; fileRef = 752D4E8A2B7A12C100AB245E /* LoadingCell.swift */; };
		753D525C2B721FCA000F7D19 /* AppDelegate.swift in Sources */ = {isa = PBXBuildFile; fileRef = 753D525B2B721FCA000F7D19 /* AppDelegate.swift */; };
		753D525E2B721FCA000F7D19 /* SceneDelegate.swift in Sources */ = {isa = PBXBuildFile; fileRef = 753D525D2B721FCA000F7D19 /* SceneDelegate.swift */; };
		753D52602B721FCA000F7D19 /* DayPicViewController.swift in Sources */ = {isa = PBXBuildFile; fileRef = 753D525F2B721FCA000F7D19 /* DayPicViewController.swift */; };
		753D52652B721FCE000F7D19 /* Assets.xcassets in Resources */ = {isa = PBXBuildFile; fileRef = 753D52642B721FCE000F7D19 /* Assets.xcassets */; };
		753D52682B721FCE000F7D19 /* LaunchScreen.storyboard in Resources */ = {isa = PBXBuildFile; fileRef = 753D52662B721FCE000F7D19 /* LaunchScreen.storyboard */; };
		753D52702B7221B0000F7D19 /* TabBarViewController.swift in Sources */ = {isa = PBXBuildFile; fileRef = 753D526F2B7221B0000F7D19 /* TabBarViewController.swift */; };
		753D52722B722256000F7D19 /* SearchViewController.swift in Sources */ = {isa = PBXBuildFile; fileRef = 753D52712B722256000F7D19 /* SearchViewController.swift */; };
		753D52742B7222E4000F7D19 /* NavigationBarController.swift in Sources */ = {isa = PBXBuildFile; fileRef = 753D52732B7222E4000F7D19 /* NavigationBarController.swift */; };
		753D52762B722CFD000F7D19 /* UIView + Extension.swift in Sources */ = {isa = PBXBuildFile; fileRef = 753D52752B722CFD000F7D19 /* UIView + Extension.swift */; };
		753D527B2B723031000F7D19 /* DayPicCollectionViewCell.swift in Sources */ = {isa = PBXBuildFile; fileRef = 753D527A2B723031000F7D19 /* DayPicCollectionViewCell.swift */; };
		753D527D2B7232AB000F7D19 /* NetworkService.swift in Sources */ = {isa = PBXBuildFile; fileRef = 753D527C2B7232AB000F7D19 /* NetworkService.swift */; };
		753D52802B7274A9000F7D19 /* Kingfisher in Frameworks */ = {isa = PBXBuildFile; productRef = 753D527F2B7274A9000F7D19 /* Kingfisher */; };
		753D52822B73916E000F7D19 /* RequestService.swift in Sources */ = {isa = PBXBuildFile; fileRef = 753D52812B73916E000F7D19 /* RequestService.swift */; };
		753D52842B73973F000F7D19 /* AppService.swift in Sources */ = {isa = PBXBuildFile; fileRef = 753D52832B73973F000F7D19 /* AppService.swift */; };
		753D52862B74DA17000F7D19 /* DetailViewController.swift in Sources */ = {isa = PBXBuildFile; fileRef = 753D52852B74DA17000F7D19 /* DetailViewController.swift */; };
		753D52892B74DE66000F7D19 /* SnapKit in Frameworks */ = {isa = PBXBuildFile; productRef = 753D52882B74DE66000F7D19 /* SnapKit */; };
		753D528B2B74DE66000F7D19 /* SnapKit-Dynamic in Frameworks */ = {isa = PBXBuildFile; productRef = 753D528A2B74DE66000F7D19 /* SnapKit-Dynamic */; };
		753D528D2B74DE85000F7D19 /* SnapKit in Frameworks */ = {isa = PBXBuildFile; productRef = 753D528C2B74DE85000F7D19 /* SnapKit */; };
		753D528F2B74DE85000F7D19 /* SnapKit-Dynamic in Frameworks */ = {isa = PBXBuildFile; productRef = 753D528E2B74DE85000F7D19 /* SnapKit-Dynamic */; };
		753D52932B750C29000F7D19 /* UIViewController + Extension.swift in Sources */ = {isa = PBXBuildFile; fileRef = 753D52922B750C29000F7D19 /* UIViewController + Extension.swift */; };
		753D52962B7531B0000F7D19 /* SearchModel.swift in Sources */ = {isa = PBXBuildFile; fileRef = 753D52952B7531B0000F7D19 /* SearchModel.swift */; };
		753D52982B7537D2000F7D19 /* SearchTableViewCell.swift in Sources */ = {isa = PBXBuildFile; fileRef = 753D52972B7537D2000F7D19 /* SearchTableViewCell.swift */; };
		753D529A2B76730D000F7D19 /* LoadingReusableView.swift in Sources */ = {isa = PBXBuildFile; fileRef = 753D52992B76730D000F7D19 /* LoadingReusableView.swift */; };
/* End PBXBuildFile section */

/* Begin PBXFileReference section */
		752D4E882B7A124F00AB245E /* DayPictureModel.swift */ = {isa = PBXFileReference; lastKnownFileType = sourcecode.swift; path = DayPictureModel.swift; sourceTree = "<group>"; };
		752D4E8A2B7A12C100AB245E /* LoadingCell.swift */ = {isa = PBXFileReference; lastKnownFileType = sourcecode.swift; path = LoadingCell.swift; sourceTree = "<group>"; };
		753D52582B721FCA000F7D19 /* DayPic.app */ = {isa = PBXFileReference; explicitFileType = wrapper.application; includeInIndex = 0; path = DayPic.app; sourceTree = BUILT_PRODUCTS_DIR; };
		753D525B2B721FCA000F7D19 /* AppDelegate.swift */ = {isa = PBXFileReference; lastKnownFileType = sourcecode.swift; path = AppDelegate.swift; sourceTree = "<group>"; };
		753D525D2B721FCA000F7D19 /* SceneDelegate.swift */ = {isa = PBXFileReference; lastKnownFileType = sourcecode.swift; path = SceneDelegate.swift; sourceTree = "<group>"; };
		753D525F2B721FCA000F7D19 /* DayPicViewController.swift */ = {isa = PBXFileReference; lastKnownFileType = sourcecode.swift; path = DayPicViewController.swift; sourceTree = "<group>"; };
		753D52642B721FCE000F7D19 /* Assets.xcassets */ = {isa = PBXFileReference; lastKnownFileType = folder.assetcatalog; path = Assets.xcassets; sourceTree = "<group>"; };
		753D52672B721FCE000F7D19 /* Base */ = {isa = PBXFileReference; lastKnownFileType = file.storyboard; name = Base; path = Base.lproj/LaunchScreen.storyboard; sourceTree = "<group>"; };
		753D52692B721FCE000F7D19 /* Info.plist */ = {isa = PBXFileReference; lastKnownFileType = text.plist.xml; path = Info.plist; sourceTree = "<group>"; };
		753D526F2B7221B0000F7D19 /* TabBarViewController.swift */ = {isa = PBXFileReference; lastKnownFileType = sourcecode.swift; path = TabBarViewController.swift; sourceTree = "<group>"; };
		753D52712B722256000F7D19 /* SearchViewController.swift */ = {isa = PBXFileReference; lastKnownFileType = sourcecode.swift; path = SearchViewController.swift; sourceTree = "<group>"; };
		753D52732B7222E4000F7D19 /* NavigationBarController.swift */ = {isa = PBXFileReference; lastKnownFileType = sourcecode.swift; path = NavigationBarController.swift; sourceTree = "<group>"; };
		753D52752B722CFD000F7D19 /* UIView + Extension.swift */ = {isa = PBXFileReference; lastKnownFileType = sourcecode.swift; path = "UIView + Extension.swift"; sourceTree = "<group>"; };
		753D527A2B723031000F7D19 /* DayPicCollectionViewCell.swift */ = {isa = PBXFileReference; lastKnownFileType = sourcecode.swift; path = DayPicCollectionViewCell.swift; sourceTree = "<group>"; };
		753D527C2B7232AB000F7D19 /* NetworkService.swift */ = {isa = PBXFileReference; lastKnownFileType = sourcecode.swift; path = NetworkService.swift; sourceTree = "<group>"; };
		753D52812B73916E000F7D19 /* RequestService.swift */ = {isa = PBXFileReference; lastKnownFileType = sourcecode.swift; path = RequestService.swift; sourceTree = "<group>"; };
		753D52832B73973F000F7D19 /* AppService.swift */ = {isa = PBXFileReference; lastKnownFileType = sourcecode.swift; path = AppService.swift; sourceTree = "<group>"; };
		753D52852B74DA17000F7D19 /* DetailViewController.swift */ = {isa = PBXFileReference; lastKnownFileType = sourcecode.swift; path = DetailViewController.swift; sourceTree = "<group>"; };
		753D52922B750C29000F7D19 /* UIViewController + Extension.swift */ = {isa = PBXFileReference; lastKnownFileType = sourcecode.swift; path = "UIViewController + Extension.swift"; sourceTree = "<group>"; };
		753D52952B7531B0000F7D19 /* SearchModel.swift */ = {isa = PBXFileReference; lastKnownFileType = sourcecode.swift; path = SearchModel.swift; sourceTree = "<group>"; };
		753D52972B7537D2000F7D19 /* SearchTableViewCell.swift */ = {isa = PBXFileReference; lastKnownFileType = sourcecode.swift; path = SearchTableViewCell.swift; sourceTree = "<group>"; };
		753D52992B76730D000F7D19 /* LoadingReusableView.swift */ = {isa = PBXFileReference; lastKnownFileType = sourcecode.swift; path = LoadingReusableView.swift; sourceTree = "<group>"; };
/* End PBXFileReference section */

/* Begin PBXFrameworksBuildPhase section */
		753D52552B721FCA000F7D19 /* Frameworks */ = {
			isa = PBXFrameworksBuildPhase;
			buildActionMask = 2147483647;
			files = (
				753D528F2B74DE85000F7D19 /* SnapKit-Dynamic in Frameworks */,
				753D52802B7274A9000F7D19 /* Kingfisher in Frameworks */,
				753D528D2B74DE85000F7D19 /* SnapKit in Frameworks */,
				753D52892B74DE66000F7D19 /* SnapKit in Frameworks */,
				753D528B2B74DE66000F7D19 /* SnapKit-Dynamic in Frameworks */,
			);
			runOnlyForDeploymentPostprocessing = 0;
		};
/* End PBXFrameworksBuildPhase section */

/* Begin PBXGroup section */
		752D4E842B7A112B00AB245E /* Extensions */ = {
			isa = PBXGroup;
			children = (
				753D52752B722CFD000F7D19 /* UIView + Extension.swift */,
				753D52922B750C29000F7D19 /* UIViewController + Extension.swift */,
			);
			path = Extensions;
			sourceTree = "<group>";
		};
		752D4E852B7A114800AB245E /* TabBar */ = {
			isa = PBXGroup;
			children = (
				753D526F2B7221B0000F7D19 /* TabBarViewController.swift */,
				753D52732B7222E4000F7D19 /* NavigationBarController.swift */,
			);
			path = TabBar;
			sourceTree = "<group>";
		};
		752D4E862B7A115800AB245E /* Network */ = {
			isa = PBXGroup;
			children = (
				753D527C2B7232AB000F7D19 /* NetworkService.swift */,
				753D52832B73973F000F7D19 /* AppService.swift */,
				753D52812B73916E000F7D19 /* RequestService.swift */,
			);
			path = Network;
			sourceTree = "<group>";
		};
		752D4E872B7A119600AB245E /* Modules */ = {
			isa = PBXGroup;
			children = (
				753D52852B74DA17000F7D19 /* DetailViewController.swift */,
				753D52772B722EC2000F7D19 /* DayPicScreen */,
				753D52942B753182000F7D19 /* SearchScreen */,
			);
			path = Modules;
			sourceTree = "<group>";
		};
		753D524F2B721FCA000F7D19 = {
			isa = PBXGroup;
			children = (
				753D525A2B721FCA000F7D19 /* DayPic */,
				753D52592B721FCA000F7D19 /* Products */,
			);
			sourceTree = "<group>";
		};
		753D52592B721FCA000F7D19 /* Products */ = {
			isa = PBXGroup;
			children = (
				753D52582B721FCA000F7D19 /* DayPic.app */,
			);
			name = Products;
			sourceTree = "<group>";
		};
		753D525A2B721FCA000F7D19 /* DayPic */ = {
			isa = PBXGroup;
			children = (
				753D525B2B721FCA000F7D19 /* AppDelegate.swift */,
				753D525D2B721FCA000F7D19 /* SceneDelegate.swift */,
				752D4E852B7A114800AB245E /* TabBar */,
				752D4E872B7A119600AB245E /* Modules */,
				752D4E862B7A115800AB245E /* Network */,
				752D4E842B7A112B00AB245E /* Extensions */,
				753D52642B721FCE000F7D19 /* Assets.xcassets */,
				753D52662B721FCE000F7D19 /* LaunchScreen.storyboard */,
				753D52692B721FCE000F7D19 /* Info.plist */,
			);
			path = DayPic;
			sourceTree = "<group>";
		};
		753D52772B722EC2000F7D19 /* DayPicScreen */ = {
			isa = PBXGroup;
			children = (
				753D52992B76730D000F7D19 /* LoadingReusableView.swift */,
				753D525F2B721FCA000F7D19 /* DayPicViewController.swift */,
				753D527A2B723031000F7D19 /* DayPicCollectionViewCell.swift */,
				752D4E882B7A124F00AB245E /* DayPictureModel.swift */,
			);
			path = DayPicScreen;
			sourceTree = "<group>";
		};
		753D52942B753182000F7D19 /* SearchScreen */ = {
			isa = PBXGroup;
			children = (
				753D52712B722256000F7D19 /* SearchViewController.swift */,
				753D52952B7531B0000F7D19 /* SearchModel.swift */,
				753D52972B7537D2000F7D19 /* SearchTableViewCell.swift */,
				752D4E8A2B7A12C100AB245E /* LoadingCell.swift */,
			);
			path = SearchScreen;
			sourceTree = "<group>";
		};
/* End PBXGroup section */

/* Begin PBXNativeTarget section */
		753D52572B721FCA000F7D19 /* DayPic */ = {
			isa = PBXNativeTarget;
			buildConfigurationList = 753D526C2B721FCE000F7D19 /* Build configuration list for PBXNativeTarget "DayPic" */;
			buildPhases = (
				753D52542B721FCA000F7D19 /* Sources */,
				753D52552B721FCA000F7D19 /* Frameworks */,
				753D52562B721FCA000F7D19 /* Resources */,
			);
			buildRules = (
			);
			dependencies = (
			);
			name = DayPic;
			packageProductDependencies = (
				753D527F2B7274A9000F7D19 /* Kingfisher */,
				753D52882B74DE66000F7D19 /* SnapKit */,
				753D528A2B74DE66000F7D19 /* SnapKit-Dynamic */,
				753D528C2B74DE85000F7D19 /* SnapKit */,
				753D528E2B74DE85000F7D19 /* SnapKit-Dynamic */,
			);
			productName = DayPic;
			productReference = 753D52582B721FCA000F7D19 /* DayPic.app */;
			productType = "com.apple.product-type.application";
		};
/* End PBXNativeTarget section */

/* Begin PBXProject section */
		753D52502B721FCA000F7D19 /* Project object */ = {
			isa = PBXProject;
			attributes = {
				BuildIndependentTargetsInParallel = 1;
				LastSwiftUpdateCheck = 1500;
				LastUpgradeCheck = 1500;
				TargetAttributes = {
					753D52572B721FCA000F7D19 = {
						CreatedOnToolsVersion = 15.0.1;
					};
				};
			};
			buildConfigurationList = 753D52532B721FCA000F7D19 /* Build configuration list for PBXProject "DayPic" */;
			compatibilityVersion = "Xcode 14.0";
			developmentRegion = en;
			hasScannedForEncodings = 0;
			knownRegions = (
				en,
				Base,
			);
			mainGroup = 753D524F2B721FCA000F7D19;
			packageReferences = (
				753D527E2B7274A9000F7D19 /* XCRemoteSwiftPackageReference "Kingfisher" */,
				753D52872B74DE66000F7D19 /* XCRemoteSwiftPackageReference "SnapKit" */,
			);
			productRefGroup = 753D52592B721FCA000F7D19 /* Products */;
			projectDirPath = "";
			projectRoot = "";
			targets = (
				753D52572B721FCA000F7D19 /* DayPic */,
			);
		};
/* End PBXProject section */

/* Begin PBXResourcesBuildPhase section */
		753D52562B721FCA000F7D19 /* Resources */ = {
			isa = PBXResourcesBuildPhase;
			buildActionMask = 2147483647;
			files = (
				753D52682B721FCE000F7D19 /* LaunchScreen.storyboard in Resources */,
				753D52652B721FCE000F7D19 /* Assets.xcassets in Resources */,
			);
			runOnlyForDeploymentPostprocessing = 0;
		};
/* End PBXResourcesBuildPhase section */

/* Begin PBXSourcesBuildPhase section */
		753D52542B721FCA000F7D19 /* Sources */ = {
			isa = PBXSourcesBuildPhase;
			buildActionMask = 2147483647;
			files = (
				753D52862B74DA17000F7D19 /* DetailViewController.swift in Sources */,
				753D527D2B7232AB000F7D19 /* NetworkService.swift in Sources */,
				753D52842B73973F000F7D19 /* AppService.swift in Sources */,
				753D52962B7531B0000F7D19 /* SearchModel.swift in Sources */,
				753D52722B722256000F7D19 /* SearchViewController.swift in Sources */,
				753D52822B73916E000F7D19 /* RequestService.swift in Sources */,
				752D4E8B2B7A12C100AB245E /* LoadingCell.swift in Sources */,
				753D52742B7222E4000F7D19 /* NavigationBarController.swift in Sources */,
				753D52702B7221B0000F7D19 /* TabBarViewController.swift in Sources */,
				753D52602B721FCA000F7D19 /* DayPicViewController.swift in Sources */,
				753D529A2B76730D000F7D19 /* LoadingReusableView.swift in Sources */,
				752D4E892B7A124F00AB245E /* DayPictureModel.swift in Sources */,
				753D52762B722CFD000F7D19 /* UIView + Extension.swift in Sources */,
				753D52932B750C29000F7D19 /* UIViewController + Extension.swift in Sources */,
				753D527B2B723031000F7D19 /* DayPicCollectionViewCell.swift in Sources */,
				753D52982B7537D2000F7D19 /* SearchTableViewCell.swift in Sources */,
				753D525C2B721FCA000F7D19 /* AppDelegate.swift in Sources */,
				753D525E2B721FCA000F7D19 /* SceneDelegate.swift in Sources */,
			);
			runOnlyForDeploymentPostprocessing = 0;
		};
/* End PBXSourcesBuildPhase section */

/* Begin PBXVariantGroup section */
		753D52662B721FCE000F7D19 /* LaunchScreen.storyboard */ = {
			isa = PBXVariantGroup;
			children = (
				753D52672B721FCE000F7D19 /* Base */,
			);
			name = LaunchScreen.storyboard;
			sourceTree = "<group>";
		};
/* End PBXVariantGroup section */

/* Begin XCBuildConfiguration section */
		753D526A2B721FCE000F7D19 /* Debug */ = {
			isa = XCBuildConfiguration;
			buildSettings = {
				ALWAYS_SEARCH_USER_PATHS = NO;
				ASSETCATALOG_COMPILER_GENERATE_SWIFT_ASSET_SYMBOL_EXTENSIONS = YES;
				CLANG_ANALYZER_NONNULL = YES;
				CLANG_ANALYZER_NUMBER_OBJECT_CONVERSION = YES_AGGRESSIVE;
				CLANG_CXX_LANGUAGE_STANDARD = "gnu++20";
				CLANG_ENABLE_MODULES = YES;
				CLANG_ENABLE_OBJC_ARC = YES;
				CLANG_ENABLE_OBJC_WEAK = YES;
				CLANG_WARN_BLOCK_CAPTURE_AUTORELEASING = YES;
				CLANG_WARN_BOOL_CONVERSION = YES;
				CLANG_WARN_COMMA = YES;
				CLANG_WARN_CONSTANT_CONVERSION = YES;
				CLANG_WARN_DEPRECATED_OBJC_IMPLEMENTATIONS = YES;
				CLANG_WARN_DIRECT_OBJC_ISA_USAGE = YES_ERROR;
				CLANG_WARN_DOCUMENTATION_COMMENTS = YES;
				CLANG_WARN_EMPTY_BODY = YES;
				CLANG_WARN_ENUM_CONVERSION = YES;
				CLANG_WARN_INFINITE_RECURSION = YES;
				CLANG_WARN_INT_CONVERSION = YES;
				CLANG_WARN_NON_LITERAL_NULL_CONVERSION = YES;
				CLANG_WARN_OBJC_IMPLICIT_RETAIN_SELF = YES;
				CLANG_WARN_OBJC_LITERAL_CONVERSION = YES;
				CLANG_WARN_OBJC_ROOT_CLASS = YES_ERROR;
				CLANG_WARN_QUOTED_INCLUDE_IN_FRAMEWORK_HEADER = YES;
				CLANG_WARN_RANGE_LOOP_ANALYSIS = YES;
				CLANG_WARN_STRICT_PROTOTYPES = YES;
				CLANG_WARN_SUSPICIOUS_MOVE = YES;
				CLANG_WARN_UNGUARDED_AVAILABILITY = YES_AGGRESSIVE;
				CLANG_WARN_UNREACHABLE_CODE = YES;
				CLANG_WARN__DUPLICATE_METHOD_MATCH = YES;
				COPY_PHASE_STRIP = NO;
				DEBUG_INFORMATION_FORMAT = dwarf;
				ENABLE_STRICT_OBJC_MSGSEND = YES;
				ENABLE_TESTABILITY = YES;
				ENABLE_USER_SCRIPT_SANDBOXING = YES;
				GCC_C_LANGUAGE_STANDARD = gnu17;
				GCC_DYNAMIC_NO_PIC = NO;
				GCC_NO_COMMON_BLOCKS = YES;
				GCC_OPTIMIZATION_LEVEL = 0;
				GCC_PREPROCESSOR_DEFINITIONS = (
					"DEBUG=1",
					"$(inherited)",
				);
				GCC_WARN_64_TO_32_BIT_CONVERSION = YES;
				GCC_WARN_ABOUT_RETURN_TYPE = YES_ERROR;
				GCC_WARN_UNDECLARED_SELECTOR = YES;
				GCC_WARN_UNINITIALIZED_AUTOS = YES_AGGRESSIVE;
				GCC_WARN_UNUSED_FUNCTION = YES;
				GCC_WARN_UNUSED_VARIABLE = YES;
				IPHONEOS_DEPLOYMENT_TARGET = 17.0;
				LOCALIZATION_PREFERS_STRING_CATALOGS = YES;
				MTL_ENABLE_DEBUG_INFO = INCLUDE_SOURCE;
				MTL_FAST_MATH = YES;
				ONLY_ACTIVE_ARCH = YES;
				SDKROOT = iphoneos;
				SWIFT_ACTIVE_COMPILATION_CONDITIONS = "DEBUG $(inherited)";
				SWIFT_OPTIMIZATION_LEVEL = "-Onone";
			};
			name = Debug;
		};
		753D526B2B721FCE000F7D19 /* Release */ = {
			isa = XCBuildConfiguration;
			buildSettings = {
				ALWAYS_SEARCH_USER_PATHS = NO;
				ASSETCATALOG_COMPILER_GENERATE_SWIFT_ASSET_SYMBOL_EXTENSIONS = YES;
				CLANG_ANALYZER_NONNULL = YES;
				CLANG_ANALYZER_NUMBER_OBJECT_CONVERSION = YES_AGGRESSIVE;
				CLANG_CXX_LANGUAGE_STANDARD = "gnu++20";
				CLANG_ENABLE_MODULES = YES;
				CLANG_ENABLE_OBJC_ARC = YES;
				CLANG_ENABLE_OBJC_WEAK = YES;
				CLANG_WARN_BLOCK_CAPTURE_AUTORELEASING = YES;
				CLANG_WARN_BOOL_CONVERSION = YES;
				CLANG_WARN_COMMA = YES;
				CLANG_WARN_CONSTANT_CONVERSION = YES;
				CLANG_WARN_DEPRECATED_OBJC_IMPLEMENTATIONS = YES;
				CLANG_WARN_DIRECT_OBJC_ISA_USAGE = YES_ERROR;
				CLANG_WARN_DOCUMENTATION_COMMENTS = YES;
				CLANG_WARN_EMPTY_BODY = YES;
				CLANG_WARN_ENUM_CONVERSION = YES;
				CLANG_WARN_INFINITE_RECURSION = YES;
				CLANG_WARN_INT_CONVERSION = YES;
				CLANG_WARN_NON_LITERAL_NULL_CONVERSION = YES;
				CLANG_WARN_OBJC_IMPLICIT_RETAIN_SELF = YES;
				CLANG_WARN_OBJC_LITERAL_CONVERSION = YES;
				CLANG_WARN_OBJC_ROOT_CLASS = YES_ERROR;
				CLANG_WARN_QUOTED_INCLUDE_IN_FRAMEWORK_HEADER = YES;
				CLANG_WARN_RANGE_LOOP_ANALYSIS = YES;
				CLANG_WARN_STRICT_PROTOTYPES = YES;
				CLANG_WARN_SUSPICIOUS_MOVE = YES;
				CLANG_WARN_UNGUARDED_AVAILABILITY = YES_AGGRESSIVE;
				CLANG_WARN_UNREACHABLE_CODE = YES;
				CLANG_WARN__DUPLICATE_METHOD_MATCH = YES;
				COPY_PHASE_STRIP = NO;
				DEBUG_INFORMATION_FORMAT = "dwarf-with-dsym";
				ENABLE_NS_ASSERTIONS = NO;
				ENABLE_STRICT_OBJC_MSGSEND = YES;
				ENABLE_USER_SCRIPT_SANDBOXING = YES;
				GCC_C_LANGUAGE_STANDARD = gnu17;
				GCC_NO_COMMON_BLOCKS = YES;
				GCC_WARN_64_TO_32_BIT_CONVERSION = YES;
				GCC_WARN_ABOUT_RETURN_TYPE = YES_ERROR;
				GCC_WARN_UNDECLARED_SELECTOR = YES;
				GCC_WARN_UNINITIALIZED_AUTOS = YES_AGGRESSIVE;
				GCC_WARN_UNUSED_FUNCTION = YES;
				GCC_WARN_UNUSED_VARIABLE = YES;
				IPHONEOS_DEPLOYMENT_TARGET = 17.0;
				LOCALIZATION_PREFERS_STRING_CATALOGS = YES;
				MTL_ENABLE_DEBUG_INFO = NO;
				MTL_FAST_MATH = YES;
				SDKROOT = iphoneos;
				SWIFT_COMPILATION_MODE = wholemodule;
				VALIDATE_PRODUCT = YES;
			};
			name = Release;
		};
		753D526D2B721FCE000F7D19 /* Debug */ = {
			isa = XCBuildConfiguration;
			buildSettings = {
				ASSETCATALOG_COMPILER_APPICON_NAME = AppIcon;
				ASSETCATALOG_COMPILER_GLOBAL_ACCENT_COLOR_NAME = AccentColor;
				CODE_SIGN_STYLE = Automatic;
				CURRENT_PROJECT_VERSION = 1;
				DEVELOPMENT_TEAM = M87C32M9C3;
				GENERATE_INFOPLIST_FILE = YES;
				INFOPLIST_FILE = DayPic/Info.plist;
				INFOPLIST_KEY_UIApplicationSupportsIndirectInputEvents = YES;
				INFOPLIST_KEY_UILaunchStoryboardName = LaunchScreen;
				INFOPLIST_KEY_UISupportedInterfaceOrientations = UIInterfaceOrientationPortrait;
				INFOPLIST_KEY_UISupportedInterfaceOrientations_iPad = "UIInterfaceOrientationLandscapeLeft UIInterfaceOrientationLandscapeRight UIInterfaceOrientationPortrait UIInterfaceOrientationPortraitUpsideDown";
				IPHONEOS_DEPLOYMENT_TARGET = 15.0;
				LD_RUNPATH_SEARCH_PATHS = (
					"$(inherited)",
					"@executable_path/Frameworks",
				);
				MARKETING_VERSION = 1.0;
				PRODUCT_BUNDLE_IDENTIFIER = com.tacarlen.DayPic;
				PRODUCT_NAME = "$(TARGET_NAME)";
				SUPPORTED_PLATFORMS = "iphoneos iphonesimulator";
				SUPPORTS_MACCATALYST = NO;
				SUPPORTS_MAC_DESIGNED_FOR_IPHONE_IPAD = NO;
				SWIFT_EMIT_LOC_STRINGS = YES;
				SWIFT_VERSION = 5.0;
				TARGETED_DEVICE_FAMILY = 1;
			};
			name = Debug;
		};
		753D526E2B721FCE000F7D19 /* Release */ = {
			isa = XCBuildConfiguration;
			buildSettings = {
				ASSETCATALOG_COMPILER_APPICON_NAME = AppIcon;
				ASSETCATALOG_COMPILER_GLOBAL_ACCENT_COLOR_NAME = AccentColor;
				CODE_SIGN_STYLE = Automatic;
				CURRENT_PROJECT_VERSION = 1;
				DEVELOPMENT_TEAM = M87C32M9C3;
				GENERATE_INFOPLIST_FILE = YES;
				INFOPLIST_FILE = DayPic/Info.plist;
				INFOPLIST_KEY_UIApplicationSupportsIndirectInputEvents = YES;
				INFOPLIST_KEY_UILaunchStoryboardName = LaunchScreen;
				INFOPLIST_KEY_UISupportedInterfaceOrientations = UIInterfaceOrientationPortrait;
				INFOPLIST_KEY_UISupportedInterfaceOrientations_iPad = "UIInterfaceOrientationLandscapeLeft UIInterfaceOrientationLandscapeRight UIInterfaceOrientationPortrait UIInterfaceOrientationPortraitUpsideDown";
				IPHONEOS_DEPLOYMENT_TARGET = 15.0;
				LD_RUNPATH_SEARCH_PATHS = (
					"$(inherited)",
					"@executable_path/Frameworks",
				);
				MARKETING_VERSION = 1.0;
				PRODUCT_BUNDLE_IDENTIFIER = com.tacarlen.DayPic;
				PRODUCT_NAME = "$(TARGET_NAME)";
				SUPPORTED_PLATFORMS = "iphoneos iphonesimulator";
				SUPPORTS_MACCATALYST = NO;
				SUPPORTS_MAC_DESIGNED_FOR_IPHONE_IPAD = NO;
				SWIFT_EMIT_LOC_STRINGS = YES;
				SWIFT_VERSION = 5.0;
				TARGETED_DEVICE_FAMILY = 1;
			};
			name = Release;
		};
/* End XCBuildConfiguration section */

/* Begin XCConfigurationList section */
		753D52532B721FCA000F7D19 /* Build configuration list for PBXProject "DayPic" */ = {
			isa = XCConfigurationList;
			buildConfigurations = (
				753D526A2B721FCE000F7D19 /* Debug */,
				753D526B2B721FCE000F7D19 /* Release */,
			);
			defaultConfigurationIsVisible = 0;
			defaultConfigurationName = Release;
		};
		753D526C2B721FCE000F7D19 /* Build configuration list for PBXNativeTarget "DayPic" */ = {
			isa = XCConfigurationList;
			buildConfigurations = (
				753D526D2B721FCE000F7D19 /* Debug */,
				753D526E2B721FCE000F7D19 /* Release */,
			);
			defaultConfigurationIsVisible = 0;
			defaultConfigurationName = Release;
		};
/* End XCConfigurationList section */

/* Begin XCRemoteSwiftPackageReference section */
		753D527E2B7274A9000F7D19 /* XCRemoteSwiftPackageReference "Kingfisher" */ = {
			isa = XCRemoteSwiftPackageReference;
			repositoryURL = "https://github.com/onevcat/Kingfisher.git";
			requirement = {
				kind = upToNextMajorVersion;
				minimumVersion = 7.10.2;
			};
		};
		753D52872B74DE66000F7D19 /* XCRemoteSwiftPackageReference "SnapKit" */ = {
			isa = XCRemoteSwiftPackageReference;
			repositoryURL = "https://github.com/SnapKit/SnapKit";
			requirement = {
				kind = upToNextMajorVersion;
				minimumVersion = 5.7.0;
			};
		};
/* End XCRemoteSwiftPackageReference section */

/* Begin XCSwiftPackageProductDependency section */
		753D527F2B7274A9000F7D19 /* Kingfisher */ = {
			isa = XCSwiftPackageProductDependency;
			package = 753D527E2B7274A9000F7D19 /* XCRemoteSwiftPackageReference "Kingfisher" */;
			productName = Kingfisher;
		};
		753D52882B74DE66000F7D19 /* SnapKit */ = {
			isa = XCSwiftPackageProductDependency;
			package = 753D52872B74DE66000F7D19 /* XCRemoteSwiftPackageReference "SnapKit" */;
			productName = SnapKit;
		};
		753D528A2B74DE66000F7D19 /* SnapKit-Dynamic */ = {
			isa = XCSwiftPackageProductDependency;
			package = 753D52872B74DE66000F7D19 /* XCRemoteSwiftPackageReference "SnapKit" */;
			productName = "SnapKit-Dynamic";
		};
		753D528C2B74DE85000F7D19 /* SnapKit */ = {
			isa = XCSwiftPackageProductDependency;
			package = 753D52872B74DE66000F7D19 /* XCRemoteSwiftPackageReference "SnapKit" */;
			productName = SnapKit;
		};
		753D528E2B74DE85000F7D19 /* SnapKit-Dynamic */ = {
			isa = XCSwiftPackageProductDependency;
			package = 753D52872B74DE66000F7D19 /* XCRemoteSwiftPackageReference "SnapKit" */;
			productName = "SnapKit-Dynamic";
		};
/* End XCSwiftPackageProductDependency section */
	};
	rootObject = 753D52502B721FCA000F7D19 /* Project object */;
}
